
Microsoft Visual Studio Solution File, Format Version 12.00
# Visual Studio Version 17
VisualStudioVersion = 17.7.34202.233
MinimumVisualStudioVersion = 10.0.40219.1
Project("{FAE04EC0-301F-11D3-BF4B-00C04F79EFBC}") = "BackEndPart1", "BackEndPart1\BackEndPart1.csproj", "{1E26D71B-1636-4707-87AB-E3D046063BED}"
EndProject
Project("{2150E333-8FDC-42A3-9474-1A3956D46DE8}") = "Part 1", "Part 1", "{E3DB0293-814D-44C5-AF6F-F8800C204EDB}"
EndProject
Project("{FAE04EC0-301F-11D3-BF4B-00C04F79EFBC}") = "ImplementationPart1", "ImplementationPart1\ImplementationPart1.csproj", "{F7B745A5-B493-4F90-98AA-215CCDE6B008}"
EndProject
Project("{2150E333-8FDC-42A3-9474-1A3956D46DE8}") = "Part 2", "Part 2", "{CD45EF13-D1CC-4CDF-A650-38D3090BFDE3}"
EndProject
Project("{FAE04EC0-301F-11D3-BF4B-00C04F79EFBC}") = "BackEndPart2", "BackEndPart2\BackEndPart2.csproj", "{AC989CAB-D733-406A-AEE0-1ECA76CAD9FC}"
EndProject
Project("{FAE04EC0-301F-11D3-BF4B-00C04F79EFBC}") = "ImplementationPart2", "ImplementationPart2\ImplementationPart2.csproj", "{1A304FAA-A59B-4FA5-A413-A7BD85FC5D9A}"
EndProject
Global
	GlobalSection(SolutionConfigurationPlatforms) = preSolution
		Debug|Any CPU = Debug|Any CPU
		Release|Any CPU = Release|Any CPU
	EndGlobalSection
	GlobalSection(ProjectConfigurationPlatforms) = postSolution
		{1E26D71B-1636-4707-87AB-E3D046063BED}.Debug|Any CPU.ActiveCfg = Debug|Any CPU
		{1E26D71B-1636-4707-87AB-E3D046063BED}.Debug|Any CPU.Build.0 = Debug|Any CPU
		{1E26D71B-1636-4707-87AB-E3D046063BED}.Release|Any CPU.ActiveCfg = Release|Any CPU
		{1E26D71B-1636-4707-87AB-E3D046063BED}.Release|Any CPU.Build.0 = Release|Any CPU
		{F7B745A5-B493-4F90-98AA-215CCDE6B008}.Debug|Any CPU.ActiveCfg = Debug|Any CPU
		{F7B745A5-B493-4F90-98AA-215CCDE6B008}.Debug|Any CPU.Build.0 = Debug|Any CPU
		{F7B745A5-B493-4F90-98AA-215CCDE6B008}.Release|Any CPU.ActiveCfg = Release|Any CPU
		{F7B745A5-B493-4F90-98AA-215CCDE6B008}.Release|Any CPU.Build.0 = Release|Any CPU
		{AC989CAB-D733-406A-AEE0-1ECA76CAD9FC}.Debug|Any CPU.ActiveCfg = Debug|Any CPU
		{AC989CAB-D733-406A-AEE0-1ECA76CAD9FC}.Debug|Any CPU.Build.0 = Debug|Any CPU
		{AC989CAB-D733-406A-AEE0-1ECA76CAD9FC}.Release|Any CPU.ActiveCfg = Release|Any CPU
		{AC989CAB-D733-406A-AEE0-1ECA76CAD9FC}.Release|Any CPU.Build.0 = Release|Any CPU
		{1A304FAA-A59B-4FA5-A413-A7BD85FC5D9A}.Debug|Any CPU.ActiveCfg = Debug|Any CPU
		{1A304FAA-A59B-4FA5-A413-A7BD85FC5D9A}.Debug|Any CPU.Build.0 = Debug|Any CPU
		{1A304FAA-A59B-4FA5-A413-A7BD85FC5D9A}.Release|Any CPU.ActiveCfg = Release|Any CPU
		{1A304FAA-A59B-4FA5-A413-A7BD85FC5D9A}.Release|Any CPU.Build.0 = Release|Any CPU
	EndGlobalSection
	GlobalSection(SolutionProperties) = preSolution
		HideSolutionNode = FALSE
	EndGlobalSection
	GlobalSection(NestedProjects) = preSolution
		{1E26D71B-1636-4707-87AB-E3D046063BED} = {E3DB0293-814D-44C5-AF6F-F8800C204EDB}
		{F7B745A5-B493-4F90-98AA-215CCDE6B008} = {E3DB0293-814D-44C5-AF6F-F8800C204EDB}
		{AC989CAB-D733-406A-AEE0-1ECA76CAD9FC} = {CD45EF13-D1CC-4CDF-A650-38D3090BFDE3}
		{1A304FAA-A59B-4FA5-A413-A7BD85FC5D9A} = {CD45EF13-D1CC-4CDF-A650-38D3090BFDE3}
	EndGlobalSection
	GlobalSection(ExtensibilityGlobals) = postSolution
		SolutionGuid = {A1D5DE1E-58C8-42DE-9802-D5048CB0AB9B}
	EndGlobalSection
EndGlobal
